
Microsoft Visual Studio Solution File, Format Version 12.00
# Visual Studio Version 16
VisualStudioVersion = 16.0.32602.291
MinimumVisualStudioVersion = 10.0.40219.1
Project("{FAE04EC0-301F-11D3-BF4B-00C04F79EFBC}") = "HomeWork", "HomeWork\HomeWork.csproj", "{17323C88-789B-441C-A763-6455863193B9}"
EndProject
Global
	GlobalSection(SolutionConfigurationPlatforms) = preSolution
		Debug|Any CPU = Debug|Any CPU
		Release|Any CPU = Release|Any CPU
	EndGlobalSection
	GlobalSection(ProjectConfigurationPlatforms) = postSolution
		{17323C88-789B-441C-A763-6455863193B9}.Debug|Any CPU.ActiveCfg = Debug|Any CPU
		{17323C88-789B-441C-A763-6455863193B9}.Debug|Any CPU.Build.0 = Debug|Any CPU
		{17323C88-789B-441C-A763-6455863193B9}.Release|Any CPU.ActiveCfg = Release|Any CPU
		{17323C88-789B-441C-A763-6455863193B9}.Release|Any CPU.Build.0 = Release|Any CPU
	EndGlobalSection
	GlobalSection(SolutionProperties) = preSolution
		HideSolutionNode = FALSE
	EndGlobalSection
	GlobalSection(ExtensibilityGlobals) = postSolution
		SolutionGuid = {73B68E42-9F1C-44AD-90DD-86DE027D3F91}
	EndGlobalSection
EndGlobal
